
Microsoft Visual Studio Solution File, Format Version 12.00
# Visual Studio Version 17
VisualStudioVersion = 17.8.34525.116
MinimumVisualStudioVersion = 10.0.40219.1
Project("{FAE04EC0-301F-11D3-BF4B-00C04F79EFBC}") = "Moodle-Clone.Api", "Moodle-Clone.Api\Moodle-Clone.Api.csproj", "{0655FB51-A7D1-4FCE-A8B0-DAB473AC53CA}"
EndProject
Project("{FAE04EC0-301F-11D3-BF4B-00C04F79EFBC}") = "Moodle-Clone.Domain", "Moodle-Clone.Domain\Moodle-Clone.Domain.csproj", "{DCA04F1B-22FC-4205-8C7B-8FCEF3AC1858}"
EndProject
Project("{FAE04EC0-301F-11D3-BF4B-00C04F79EFBC}") = "Moodle-Clone.Infraestructure", "Moodle-Clone.Infraestructure\Moodle-Clone.Infraestructure.csproj", "{28ED3DAF-519C-4123-91AC-3AC43E3A808F}"
EndProject
Project("{FAE04EC0-301F-11D3-BF4B-00C04F79EFBC}") = "Moodle-Clone.Application", "Moodle-Clone.Application\Moodle-Clone.Application.csproj", "{21A0DF16-EC3F-409F-A090-F40B67D271FE}"
EndProject
Global
	GlobalSection(SolutionConfigurationPlatforms) = preSolution
		Debug|Any CPU = Debug|Any CPU
		Release|Any CPU = Release|Any CPU
	EndGlobalSection
	GlobalSection(ProjectConfigurationPlatforms) = postSolution
		{0655FB51-A7D1-4FCE-A8B0-DAB473AC53CA}.Debug|Any CPU.ActiveCfg = Debug|Any CPU
		{0655FB51-A7D1-4FCE-A8B0-DAB473AC53CA}.Debug|Any CPU.Build.0 = Debug|Any CPU
		{0655FB51-A7D1-4FCE-A8B0-DAB473AC53CA}.Release|Any CPU.ActiveCfg = Release|Any CPU
		{0655FB51-A7D1-4FCE-A8B0-DAB473AC53CA}.Release|Any CPU.Build.0 = Release|Any CPU
		{DCA04F1B-22FC-4205-8C7B-8FCEF3AC1858}.Debug|Any CPU.ActiveCfg = Debug|Any CPU
		{DCA04F1B-22FC-4205-8C7B-8FCEF3AC1858}.Debug|Any CPU.Build.0 = Debug|Any CPU
		{DCA04F1B-22FC-4205-8C7B-8FCEF3AC1858}.Release|Any CPU.ActiveCfg = Release|Any CPU
		{DCA04F1B-22FC-4205-8C7B-8FCEF3AC1858}.Release|Any CPU.Build.0 = Release|Any CPU
		{28ED3DAF-519C-4123-91AC-3AC43E3A808F}.Debug|Any CPU.ActiveCfg = Debug|Any CPU
		{28ED3DAF-519C-4123-91AC-3AC43E3A808F}.Debug|Any CPU.Build.0 = Debug|Any CPU
		{28ED3DAF-519C-4123-91AC-3AC43E3A808F}.Release|Any CPU.ActiveCfg = Release|Any CPU
		{28ED3DAF-519C-4123-91AC-3AC43E3A808F}.Release|Any CPU.Build.0 = Release|Any CPU
		{21A0DF16-EC3F-409F-A090-F40B67D271FE}.Debug|Any CPU.ActiveCfg = Debug|Any CPU
		{21A0DF16-EC3F-409F-A090-F40B67D271FE}.Debug|Any CPU.Build.0 = Debug|Any CPU
		{21A0DF16-EC3F-409F-A090-F40B67D271FE}.Release|Any CPU.ActiveCfg = Release|Any CPU
		{21A0DF16-EC3F-409F-A090-F40B67D271FE}.Release|Any CPU.Build.0 = Release|Any CPU
	EndGlobalSection
	GlobalSection(SolutionProperties) = preSolution
		HideSolutionNode = FALSE
	EndGlobalSection
	GlobalSection(ExtensibilityGlobals) = postSolution
		SolutionGuid = {3138B45B-893C-43D0-8438-CFC4BFBA9D17}
	EndGlobalSection
EndGlobal
